
Microsoft Visual Studio Solution File, Format Version 12.00
# Visual Studio Version 17
VisualStudioVersion = 17.14.36408.4 d17.14
MinimumVisualStudioVersion = 10.0.40219.1
Project("{FAE04EC0-301F-11D3-BF4B-00C04F79EFBC}") = "CategoryService", "CategoryService\CategoryService.csproj", "{94684AF3-BFFE-4084-A06D-E19311EF2FAE}"
EndProject
Project("{FAE04EC0-301F-11D3-BF4B-00C04F79EFBC}") = "Application", "Application\Application.csproj", "{44D8675F-012B-432E-BDCA-0B2F25233B3F}"
EndProject
Project("{FAE04EC0-301F-11D3-BF4B-00C04F79EFBC}") = "Domain", "Domain\Domain.csproj", "{B42C996B-400B-4DBA-8E86-99374D392BF0}"
EndProject
Project("{FAE04EC0-301F-11D3-BF4B-00C04F79EFBC}") = "Infrastructure", "Infrastructure\Infrastructure.csproj", "{6DA5243C-F02F-4151-8F6E-FEBBDB8066BB}"
EndProject
Project("{FAE04EC0-301F-11D3-BF4B-00C04F79EFBC}") = "Persistence", "Persistence\Persistence.csproj", "{AD6ECD71-E606-4555-8FAA-63941F870AED}"
EndProject
Global
	GlobalSection(SolutionConfigurationPlatforms) = preSolution
		Debug|Any CPU = Debug|Any CPU
		Release|Any CPU = Release|Any CPU
	EndGlobalSection
	GlobalSection(ProjectConfigurationPlatforms) = postSolution
		{94684AF3-BFFE-4084-A06D-E19311EF2FAE}.Debug|Any CPU.ActiveCfg = Debug|Any CPU
		{94684AF3-BFFE-4084-A06D-E19311EF2FAE}.Debug|Any CPU.Build.0 = Debug|Any CPU
		{94684AF3-BFFE-4084-A06D-E19311EF2FAE}.Release|Any CPU.ActiveCfg = Release|Any CPU
		{94684AF3-BFFE-4084-A06D-E19311EF2FAE}.Release|Any CPU.Build.0 = Release|Any CPU
		{44D8675F-012B-432E-BDCA-0B2F25233B3F}.Debug|Any CPU.ActiveCfg = Debug|Any CPU
		{44D8675F-012B-432E-BDCA-0B2F25233B3F}.Debug|Any CPU.Build.0 = Debug|Any CPU
		{44D8675F-012B-432E-BDCA-0B2F25233B3F}.Release|Any CPU.ActiveCfg = Release|Any CPU
		{44D8675F-012B-432E-BDCA-0B2F25233B3F}.Release|Any CPU.Build.0 = Release|Any CPU
		{B42C996B-400B-4DBA-8E86-99374D392BF0}.Debug|Any CPU.ActiveCfg = Debug|Any CPU
		{B42C996B-400B-4DBA-8E86-99374D392BF0}.Debug|Any CPU.Build.0 = Debug|Any CPU
		{B42C996B-400B-4DBA-8E86-99374D392BF0}.Release|Any CPU.ActiveCfg = Release|Any CPU
		{B42C996B-400B-4DBA-8E86-99374D392BF0}.Release|Any CPU.Build.0 = Release|Any CPU
		{6DA5243C-F02F-4151-8F6E-FEBBDB8066BB}.Debug|Any CPU.ActiveCfg = Debug|Any CPU
		{6DA5243C-F02F-4151-8F6E-FEBBDB8066BB}.Debug|Any CPU.Build.0 = Debug|Any CPU
		{6DA5243C-F02F-4151-8F6E-FEBBDB8066BB}.Release|Any CPU.ActiveCfg = Release|Any CPU
		{6DA5243C-F02F-4151-8F6E-FEBBDB8066BB}.Release|Any CPU.Build.0 = Release|Any CPU
		{AD6ECD71-E606-4555-8FAA-63941F870AED}.Debug|Any CPU.ActiveCfg = Debug|Any CPU
		{AD6ECD71-E606-4555-8FAA-63941F870AED}.Debug|Any CPU.Build.0 = Debug|Any CPU
		{AD6ECD71-E606-4555-8FAA-63941F870AED}.Release|Any CPU.ActiveCfg = Release|Any CPU
		{AD6ECD71-E606-4555-8FAA-63941F870AED}.Release|Any CPU.Build.0 = Release|Any CPU
	EndGlobalSection
	GlobalSection(SolutionProperties) = preSolution
		HideSolutionNode = FALSE
	EndGlobalSection
	GlobalSection(ExtensibilityGlobals) = postSolution
		SolutionGuid = {6719E0D6-8757-4A37-AA3F-E50116D44EBD}
	EndGlobalSection
EndGlobal
